
Microsoft Visual Studio Solution File, Format Version 12.00
# Visual Studio Version 17
VisualStudioVersion = 17.0.31903.59
MinimumVisualStudioVersion = 10.0.40219.1
Project("{FAE04EC0-301F-11D3-BF4B-00C04F79EFBC}") = "BooksApi", "BooksApi\BooksApi.csproj", "{C5A226C9-0BA8-4DF1-84FF-B252A4CC4BFA}"
EndProject
Project("{FAE04EC0-301F-11D3-BF4B-00C04F79EFBC}") = "BooksApi.Tests", "BooksApi.Tests\BooksApi.Tests.csproj", "{FFB371D6-3407-41E0-9F86-5E8A3B6D8AB5}"
EndProject
Global
	GlobalSection(SolutionConfigurationPlatforms) = preSolution
		Debug|Any CPU = Debug|Any CPU
		Release|Any CPU = Release|Any CPU
	EndGlobalSection
	GlobalSection(SolutionProperties) = preSolution
		HideSolutionNode = FALSE
	EndGlobalSection
	GlobalSection(ProjectConfigurationPlatforms) = postSolution
		{C5A226C9-0BA8-4DF1-84FF-B252A4CC4BFA}.Debug|Any CPU.ActiveCfg = Debug|Any CPU
		{C5A226C9-0BA8-4DF1-84FF-B252A4CC4BFA}.Debug|Any CPU.Build.0 = Debug|Any CPU
		{C5A226C9-0BA8-4DF1-84FF-B252A4CC4BFA}.Release|Any CPU.ActiveCfg = Release|Any CPU
		{C5A226C9-0BA8-4DF1-84FF-B252A4CC4BFA}.Release|Any CPU.Build.0 = Release|Any CPU
		{FFB371D6-3407-41E0-9F86-5E8A3B6D8AB5}.Debug|Any CPU.ActiveCfg = Debug|Any CPU
		{FFB371D6-3407-41E0-9F86-5E8A3B6D8AB5}.Debug|Any CPU.Build.0 = Debug|Any CPU
		{FFB371D6-3407-41E0-9F86-5E8A3B6D8AB5}.Release|Any CPU.ActiveCfg = Release|Any CPU
		{FFB371D6-3407-41E0-9F86-5E8A3B6D8AB5}.Release|Any CPU.Build.0 = Release|Any CPU
	EndGlobalSection
EndGlobal
